
Microsoft Visual Studio Solution File, Format Version 12.00
# Visual Studio Version 17
VisualStudioVersion = 17.2.32526.322
MinimumVisualStudioVersion = 10.0.40219.1
Project("{9A19103F-16F7-4668-BE54-9A1E7A4F7556}") = "LibrarySystem.Console", "Book\LibrarySystem.Console.csproj", "{7E23C4F0-0DD7-463D-A5FE-A58C1AA2A34C}"
EndProject
Project("{9A19103F-16F7-4668-BE54-9A1E7A4F7556}") = "LibrarySystem.Models", "LibrarySystem.Models\LibrarySystem.Models.csproj", "{C106AE6C-E49F-4861-A87B-1C64FFE52D80}"
EndProject
Project("{9A19103F-16F7-4668-BE54-9A1E7A4F7556}") = "LibrarySystem.Form", "LibrarySystemForm\LibrarySystem.Form.csproj", "{7D0FCE01-48A5-4D8A-BEE9-7F8809D1B2B1}"
EndProject
Project("{FAE04EC0-301F-11D3-BF4B-00C04F79EFBC}") = "LibrarySystem.BL.Interface", "LibrarySystem.BL.Interface\LibrarySystem.BL.Interface.csproj", "{33FFA8AC-DA5C-4E37-8D02-79163F065264}"
EndProject
Project("{FAE04EC0-301F-11D3-BF4B-00C04F79EFBC}") = "LibrarySystem.BL.File", "LibrarySystem.BL.File\LibrarySystem.BL.File.csproj", "{BB5A1A63-1704-42C5-8EB7-52FA49C42698}"
EndProject
Global
	GlobalSection(SolutionConfigurationPlatforms) = preSolution
		Debug|Any CPU = Debug|Any CPU
		Release|Any CPU = Release|Any CPU
	EndGlobalSection
	GlobalSection(ProjectConfigurationPlatforms) = postSolution
		{7E23C4F0-0DD7-463D-A5FE-A58C1AA2A34C}.Debug|Any CPU.ActiveCfg = Debug|Any CPU
		{7E23C4F0-0DD7-463D-A5FE-A58C1AA2A34C}.Debug|Any CPU.Build.0 = Debug|Any CPU
		{7E23C4F0-0DD7-463D-A5FE-A58C1AA2A34C}.Release|Any CPU.ActiveCfg = Release|Any CPU
		{7E23C4F0-0DD7-463D-A5FE-A58C1AA2A34C}.Release|Any CPU.Build.0 = Release|Any CPU
		{C106AE6C-E49F-4861-A87B-1C64FFE52D80}.Debug|Any CPU.ActiveCfg = Debug|Any CPU
		{C106AE6C-E49F-4861-A87B-1C64FFE52D80}.Debug|Any CPU.Build.0 = Debug|Any CPU
		{C106AE6C-E49F-4861-A87B-1C64FFE52D80}.Release|Any CPU.ActiveCfg = Release|Any CPU
		{C106AE6C-E49F-4861-A87B-1C64FFE52D80}.Release|Any CPU.Build.0 = Release|Any CPU
		{7D0FCE01-48A5-4D8A-BEE9-7F8809D1B2B1}.Debug|Any CPU.ActiveCfg = Debug|Any CPU
		{7D0FCE01-48A5-4D8A-BEE9-7F8809D1B2B1}.Debug|Any CPU.Build.0 = Debug|Any CPU
		{7D0FCE01-48A5-4D8A-BEE9-7F8809D1B2B1}.Release|Any CPU.ActiveCfg = Release|Any CPU
		{7D0FCE01-48A5-4D8A-BEE9-7F8809D1B2B1}.Release|Any CPU.Build.0 = Release|Any CPU
		{33FFA8AC-DA5C-4E37-8D02-79163F065264}.Debug|Any CPU.ActiveCfg = Debug|Any CPU
		{33FFA8AC-DA5C-4E37-8D02-79163F065264}.Debug|Any CPU.Build.0 = Debug|Any CPU
		{33FFA8AC-DA5C-4E37-8D02-79163F065264}.Release|Any CPU.ActiveCfg = Release|Any CPU
		{33FFA8AC-DA5C-4E37-8D02-79163F065264}.Release|Any CPU.Build.0 = Release|Any CPU
		{BB5A1A63-1704-42C5-8EB7-52FA49C42698}.Debug|Any CPU.ActiveCfg = Debug|Any CPU
		{BB5A1A63-1704-42C5-8EB7-52FA49C42698}.Debug|Any CPU.Build.0 = Debug|Any CPU
		{BB5A1A63-1704-42C5-8EB7-52FA49C42698}.Release|Any CPU.ActiveCfg = Release|Any CPU
		{BB5A1A63-1704-42C5-8EB7-52FA49C42698}.Release|Any CPU.Build.0 = Release|Any CPU
	EndGlobalSection
	GlobalSection(SolutionProperties) = preSolution
		HideSolutionNode = FALSE
	EndGlobalSection
	GlobalSection(ExtensibilityGlobals) = postSolution
		SolutionGuid = {53BA8EA0-7BB7-424C-A8B5-10B9118437D3}
	EndGlobalSection
EndGlobal
